
Microsoft Visual Studio Solution File, Format Version 12.00
# Visual Studio Version 16
VisualStudioVersion = 16.0.29209.152
MinimumVisualStudioVersion = 10.0.40219.1
Project("{9A19103F-16F7-4668-BE54-9A1E7A4F7556}") = "KudoCode.Web.Api", "KudoCode.Web.Api\KudoCode.Web.Api.csproj", "{ABB46FE3-0A7A-4F11-8F14-D1D20C8E482E}"
EndProject
Project("{9A19103F-16F7-4668-BE54-9A1E7A4F7556}") = "KudoCode.Web.Application", "KudoCode.Web.Application\KudoCode.Web.Application.csproj", "{788FB807-7A1D-4FD9-B6F9-E6FC7A30D623}"
EndProject
Project("{9A19103F-16F7-4668-BE54-9A1E7A4F7556}") = "KudoCode.LogicLayer.Dtos", "KudoCode.LogicLayer.Dtos\KudoCode.LogicLayer.Dtos.csproj", "{F0A9DAC6-2E60-4C85-983E-19AE9E9FBA3D}"
EndProject
Project("{9A19103F-16F7-4668-BE54-9A1E7A4F7556}") = "KudoCode.Helpers", "KudoCode.Helpers\KudoCode.Helpers.csproj", "{0BE7CE78-E7A1-40BA-AB10-91ABD88A05E6}"
EndProject
Project("{9A19103F-16F7-4668-BE54-9A1E7A4F7556}") = "KudoCode.Test.Acceptance", "KudoCode.Test.Acceptance\KudoCode.Test.Acceptance.csproj", "{7956C0FF-C7CA-40C9-810C-45C906F37B5B}"
EndProject
Project("{9A19103F-16F7-4668-BE54-9A1E7A4F7556}") = "KudoCode.Messaging.RabbitMQ", "KudoCode.Messaging.RabbitMQ\KudoCode.Messaging.RabbitMQ.csproj", "{6A017926-1C27-47EB-BE8A-6014C7B13F9C}"
EndProject
Project("{9A19103F-16F7-4668-BE54-9A1E7A4F7556}") = "KudoCode.Test.Unit", "KudoCode.Test.Unit\KudoCode.Test.Unit.csproj", "{060F17EA-FA2D-449B-9DE3-CFDE75D5BC7C}"
EndProject
Project("{9A19103F-16F7-4668-BE54-9A1E7A4F7556}") = "KudoCode.LogicLayer.Plugin.EntityAudit.Dtos", "KudoCode.LogicLayer.Plugin.EntityAudit.Dtos\KudoCode.LogicLayer.Plugin.EntityAudit.Dtos.csproj", "{458817BA-3771-4155-A5DA-7F6DA658948C}"
EndProject
Project("{9A19103F-16F7-4668-BE54-9A1E7A4F7556}") = "KudoCode.LogicLayer.Plugin.EntityAudit.Domain", "KudoCode.LogicLayer.Plugin.EntityAudit.Domain\KudoCode.LogicLayer.Plugin.EntityAudit.Domain.csproj", "{DBE517F3-5EB3-4C8A-A500-9F65FBF348E4}"
EndProject
Project("{2150E333-8FDC-42A3-9474-1A3956D46DE8}") = "Plugins", "Plugins", "{A05DD11F-FE50-477E-8B31-0C409C1B3E8B}"
EndProject
Project("{2150E333-8FDC-42A3-9474-1A3956D46DE8}") = "EntityAudit", "EntityAudit", "{6D6564D0-B3E5-423A-9DCE-8AEC249B5638}"
EndProject
Project("{2150E333-8FDC-42A3-9474-1A3956D46DE8}") = "Infrastructure", "Infrastructure", "{23F0D8FC-CF50-476E-B9E5-27F7E0ED29E3}"
EndProject
Project("{9A19103F-16F7-4668-BE54-9A1E7A4F7556}") = "KudoCode.LogicLayer.Domain", "KudoCode.LogicLayer.Domain\KudoCode.LogicLayer.Domain.csproj", "{39D72382-C4AC-4A7B-AD14-AF65A71358EE}"
EndProject
Project("{9A19103F-16F7-4668-BE54-9A1E7A4F7556}") = "KudoCode.Web.Api.Connector", "KudoCode.Web.Api.Connector\KudoCode.Web.Api.Connector.csproj", "{5ACE0427-6200-471D-A164-B5647650A487}"
EndProject
Project("{2150E333-8FDC-42A3-9474-1A3956D46DE8}") = "Utilities", "Utilities", "{92AD0031-2946-4224-AF20-07D5CF432EF7}"
EndProject
Project("{2150E333-8FDC-42A3-9474-1A3956D46DE8}") = "Messaging", "Messaging", "{0257BAD6-D950-4CC7-8F4A-9651CFED2685}"
EndProject
Project("{2150E333-8FDC-42A3-9474-1A3956D46DE8}") = "Redis", "Redis", "{6FC17F40-46C6-468B-96E1-C38CC61761B8}"
EndProject
Project("{9A19103F-16F7-4668-BE54-9A1E7A4F7556}") = "KudoCode.LogicLayer.Plugin.Redis.Domain", "KudoCode.LogicLayer.Plugin.Redis.Domain\KudoCode.LogicLayer.Plugin.Redis.Domain.csproj", "{0BD25753-D9CE-4FD7-853A-3FD789E9AC17}"
EndProject
Project("{9A19103F-16F7-4668-BE54-9A1E7A4F7556}") = "KudoCode.LogicLayer.Plugin.Redis.Infrastructure", "KudoCode.LogicLayer.Plugin.Redis.Infrastructure\KudoCode.LogicLayer.Plugin.Redis.Infrastructure.csproj", "{37FE958D-B40E-4879-81DB-41BFD860381E}"
EndProject
Project("{9A19103F-16F7-4668-BE54-9A1E7A4F7556}") = "KudoCode.LogicLayer.Plugin.EntityAudit.UnitTests", "KudoCode.LogicLayer.Plugin.EntityAudit.UnitTests\KudoCode.LogicLayer.Plugin.EntityAudit.UnitTests.csproj", "{34C39A45-8E9D-4D20-9385-F33609A37351}"
EndProject
Project("{9A19103F-16F7-4668-BE54-9A1E7A4F7556}") = "KudoCode.Services.Scheduler.Quartz", "KudoCode.Services.Scheduler.Quartz\KudoCode.Services.Scheduler.Quartz.csproj", "{4F8A6452-C9F4-4AC8-A921-1C9AD8E6FD49}"
EndProject
Project("{9A19103F-16F7-4668-BE54-9A1E7A4F7556}") = "CodeGenerator", "CodeGenerator\CodeGenerator.csproj", "{F2E1D0D2-6F08-4A4A-A770-6ECD56D3BE5D}"
EndProject
Project("{9A19103F-16F7-4668-BE54-9A1E7A4F7556}") = "PublishEvent", "PublishEvent\PublishEvent.csproj", "{815098CE-BEFA-4A05-A6F6-3AC9C8779E3C}"
EndProject
Project("{9A19103F-16F7-4668-BE54-9A1E7A4F7556}") = "KudoCode.Services.Workflow.RabbitMQ", "KudoCode.Services.Workflow.RabbitMQ\KudoCode.Services.Workflow.RabbitMQ.csproj", "{092EFFDD-FA9B-4F27-B3D5-77DFF4A4137C}"
EndProject
Project("{9A19103F-16F7-4668-BE54-9A1E7A4F7556}") = "KudoCode.Abstract.Application", "KudoCode.Abstract.Application\KudoCode.Abstract.Application.csproj", "{D7763BB8-A385-4872-9FF2-A20121CD0F47}"
EndProject
Project("{9A19103F-16F7-4668-BE54-9A1E7A4F7556}") = "KudoCode.Infrastructure.CodeGenerator", "KudoCode.Infrastructure.CodeGenerator\KudoCode.Infrastructure.CodeGenerator.csproj", "{3E0E2DCB-B06B-43FB-A76A-74CFE9774663}"
EndProject
Project("{9A19103F-16F7-4668-BE54-9A1E7A4F7556}") = "KudoCode.Web.Blazor.Application", "KudoCode.Web.Blazor.Application\KudoCode.Web.Blazor.Application.csproj", "{D9CC4340-DAC8-439A-A819-FA9DF598C85D}"
EndProject
Project("{9A19103F-16F7-4668-BE54-9A1E7A4F7556}") = "KudoCode.Web.Test.Unit", "KudoCode.Web.Test.Unit\KudoCode.Web.Test.Unit.csproj", "{5E3A8275-A9D5-4C65-98C4-F9C969FDB49F}"
EndProject
Project("{9A19103F-16F7-4668-BE54-9A1E7A4F7556}") = "KudoCode.Abstract.Web.Api", "KudoCode.Abstract.Web.Api\KudoCode.Abstract.Web.Api.csproj", "{28445C6E-585E-4649-AFE4-56038B70AB66}"
EndProject
Project("{9A19103F-16F7-4668-BE54-9A1E7A4F7556}") = "KudoCode.Abstract.Persistence.EntityFramework", "KudoCode.Abstract.Persistence.EntityFramework\KudoCode.Abstract.Persistence.EntityFramework.csproj", "{073BC00C-0778-4210-8C2F-5B9AD7BB137C}"
EndProject
Project("{9A19103F-16F7-4668-BE54-9A1E7A4F7556}") = "KudoCode.Infrastructure.AutoFac.Api", "KudoCode.Infrastructure.AutoFac.Api\KudoCode.Infrastructure.AutoFac.Api.csproj", "{03FD7B79-B447-4C0E-82EE-D1851D4C036A}"
EndProject
Project("{2150E333-8FDC-42A3-9474-1A3956D46DE8}") = "Abstraction", "Abstraction", "{D6503031-CA47-47B0-8E88-7EE81F0DF2E7}"
EndProject
Project("{9A19103F-16F7-4668-BE54-9A1E7A4F7556}") = "KudoCode.Abstract.Web.Blazor", "KudoCode.Abstract.Web.Blazor\KudoCode.Abstract.Web.Blazor.csproj", "{A2C8EC63-65F9-48DE-BF05-E5F258376523}"
EndProject
Project("{9A19103F-16F7-4668-BE54-9A1E7A4F7556}") = "KudoCode.Infrastructure.AutoFac.Web", "KudoCode.Infrastructure.AutoFac.Web\KudoCode.Infrastructure.AutoFac.Web.csproj", "{160B648E-CB97-4C33-BDCC-F2CB69F5839A}"
EndProject
Project("{2150E333-8FDC-42A3-9474-1A3956D46DE8}") = "Contracts", "Contracts", "{5A7AFC07-D00B-4D07-9BE4-7C42404B1F8F}"
EndProject
Project("{9A19103F-16F7-4668-BE54-9A1E7A4F7556}") = "KudoCode.Contracts", "KudoCode.Contracts\KudoCode.Contracts.csproj", "{303DF637-1D30-4E33-BC74-60CA9E87D812}"
EndProject
Project("{9A19103F-16F7-4668-BE54-9A1E7A4F7556}") = "KudoCode.Contracts.Api", "KudoCode.Contracts.Api\KudoCode.Contracts.Api.csproj", "{989535A3-9B4D-44D5-9E4D-1F0586A408E7}"
EndProject
Project("{9A19103F-16F7-4668-BE54-9A1E7A4F7556}") = "KudoCode.Contracts.Web", "KudoCode.Contracts.Web\KudoCode.Contracts.Web.csproj", "{6D3C7367-99E5-4730-A24E-6157F1ABD36B}"
EndProject
Project("{9A19103F-16F7-4668-BE54-9A1E7A4F7556}") = "KudoCode.Infrastructure.AutoFac.Application", "KudoCode.Infrastructure.AutoFac.Application\KudoCode.Infrastructure.AutoFac.Application.csproj", "{9A09F28C-D67C-40BA-B0B2-9684200796DC}"
EndProject
Global
	GlobalSection(SolutionConfigurationPlatforms) = preSolution
		Debug|Any CPU = Debug|Any CPU
		Debug|x86 = Debug|x86
		Release|Any CPU = Release|Any CPU
		Release|x86 = Release|x86
	EndGlobalSection
	GlobalSection(ProjectConfigurationPlatforms) = postSolution
		{ABB46FE3-0A7A-4F11-8F14-D1D20C8E482E}.Debug|Any CPU.ActiveCfg = Debug|Any CPU
		{ABB46FE3-0A7A-4F11-8F14-D1D20C8E482E}.Debug|Any CPU.Build.0 = Debug|Any CPU
		{ABB46FE3-0A7A-4F11-8F14-D1D20C8E482E}.Debug|x86.ActiveCfg = Debug|Any CPU
		{ABB46FE3-0A7A-4F11-8F14-D1D20C8E482E}.Debug|x86.Build.0 = Debug|Any CPU
		{ABB46FE3-0A7A-4F11-8F14-D1D20C8E482E}.Release|Any CPU.ActiveCfg = Release|Any CPU
		{ABB46FE3-0A7A-4F11-8F14-D1D20C8E482E}.Release|Any CPU.Build.0 = Release|Any CPU
		{ABB46FE3-0A7A-4F11-8F14-D1D20C8E482E}.Release|x86.ActiveCfg = Release|Any CPU
		{ABB46FE3-0A7A-4F11-8F14-D1D20C8E482E}.Release|x86.Build.0 = Release|Any CPU
		{788FB807-7A1D-4FD9-B6F9-E6FC7A30D623}.Debug|Any CPU.ActiveCfg = Debug|Any CPU
		{788FB807-7A1D-4FD9-B6F9-E6FC7A30D623}.Debug|Any CPU.Build.0 = Debug|Any CPU
		{788FB807-7A1D-4FD9-B6F9-E6FC7A30D623}.Debug|x86.ActiveCfg = Debug|Any CPU
		{788FB807-7A1D-4FD9-B6F9-E6FC7A30D623}.Debug|x86.Build.0 = Debug|Any CPU
		{788FB807-7A1D-4FD9-B6F9-E6FC7A30D623}.Release|Any CPU.ActiveCfg = Release|Any CPU
		{788FB807-7A1D-4FD9-B6F9-E6FC7A30D623}.Release|Any CPU.Build.0 = Release|Any CPU
		{788FB807-7A1D-4FD9-B6F9-E6FC7A30D623}.Release|x86.ActiveCfg = Release|Any CPU
		{788FB807-7A1D-4FD9-B6F9-E6FC7A30D623}.Release|x86.Build.0 = Release|Any CPU
		{F0A9DAC6-2E60-4C85-983E-19AE9E9FBA3D}.Debug|Any CPU.ActiveCfg = Debug|Any CPU
		{F0A9DAC6-2E60-4C85-983E-19AE9E9FBA3D}.Debug|Any CPU.Build.0 = Debug|Any CPU
		{F0A9DAC6-2E60-4C85-983E-19AE9E9FBA3D}.Debug|x86.ActiveCfg = Debug|Any CPU
		{F0A9DAC6-2E60-4C85-983E-19AE9E9FBA3D}.Debug|x86.Build.0 = Debug|Any CPU
		{F0A9DAC6-2E60-4C85-983E-19AE9E9FBA3D}.Release|Any CPU.ActiveCfg = Release|Any CPU
		{F0A9DAC6-2E60-4C85-983E-19AE9E9FBA3D}.Release|Any CPU.Build.0 = Release|Any CPU
		{F0A9DAC6-2E60-4C85-983E-19AE9E9FBA3D}.Release|x86.ActiveCfg = Release|Any CPU
		{F0A9DAC6-2E60-4C85-983E-19AE9E9FBA3D}.Release|x86.Build.0 = Release|Any CPU
		{0BE7CE78-E7A1-40BA-AB10-91ABD88A05E6}.Debug|Any CPU.ActiveCfg = Debug|Any CPU
		{0BE7CE78-E7A1-40BA-AB10-91ABD88A05E6}.Debug|Any CPU.Build.0 = Debug|Any CPU
		{0BE7CE78-E7A1-40BA-AB10-91ABD88A05E6}.Debug|x86.ActiveCfg = Debug|Any CPU
		{0BE7CE78-E7A1-40BA-AB10-91ABD88A05E6}.Debug|x86.Build.0 = Debug|Any CPU
		{0BE7CE78-E7A1-40BA-AB10-91ABD88A05E6}.Release|Any CPU.ActiveCfg = Release|Any CPU
		{0BE7CE78-E7A1-40BA-AB10-91ABD88A05E6}.Release|Any CPU.Build.0 = Release|Any CPU
		{0BE7CE78-E7A1-40BA-AB10-91ABD88A05E6}.Release|x86.ActiveCfg = Release|Any CPU
		{0BE7CE78-E7A1-40BA-AB10-91ABD88A05E6}.Release|x86.Build.0 = Release|Any CPU
		{7956C0FF-C7CA-40C9-810C-45C906F37B5B}.Debug|Any CPU.ActiveCfg = Debug|Any CPU
		{7956C0FF-C7CA-40C9-810C-45C906F37B5B}.Debug|Any CPU.Build.0 = Debug|Any CPU
		{7956C0FF-C7CA-40C9-810C-45C906F37B5B}.Debug|x86.ActiveCfg = Debug|Any CPU
		{7956C0FF-C7CA-40C9-810C-45C906F37B5B}.Debug|x86.Build.0 = Debug|Any CPU
		{7956C0FF-C7CA-40C9-810C-45C906F37B5B}.Release|Any CPU.ActiveCfg = Release|Any CPU
		{7956C0FF-C7CA-40C9-810C-45C906F37B5B}.Release|Any CPU.Build.0 = Release|Any CPU
		{7956C0FF-C7CA-40C9-810C-45C906F37B5B}.Release|x86.ActiveCfg = Release|Any CPU
		{7956C0FF-C7CA-40C9-810C-45C906F37B5B}.Release|x86.Build.0 = Release|Any CPU
		{6A017926-1C27-47EB-BE8A-6014C7B13F9C}.Debug|Any CPU.ActiveCfg = Debug|Any CPU
		{6A017926-1C27-47EB-BE8A-6014C7B13F9C}.Debug|Any CPU.Build.0 = Debug|Any CPU
		{6A017926-1C27-47EB-BE8A-6014C7B13F9C}.Debug|x86.ActiveCfg = Debug|Any CPU
		{6A017926-1C27-47EB-BE8A-6014C7B13F9C}.Debug|x86.Build.0 = Debug|Any CPU
		{6A017926-1C27-47EB-BE8A-6014C7B13F9C}.Release|Any CPU.ActiveCfg = Release|Any CPU
		{6A017926-1C27-47EB-BE8A-6014C7B13F9C}.Release|Any CPU.Build.0 = Release|Any CPU
		{6A017926-1C27-47EB-BE8A-6014C7B13F9C}.Release|x86.ActiveCfg = Release|Any CPU
		{6A017926-1C27-47EB-BE8A-6014C7B13F9C}.Release|x86.Build.0 = Release|Any CPU
		{060F17EA-FA2D-449B-9DE3-CFDE75D5BC7C}.Debug|Any CPU.ActiveCfg = Debug|Any CPU
		{060F17EA-FA2D-449B-9DE3-CFDE75D5BC7C}.Debug|Any CPU.Build.0 = Debug|Any CPU
		{060F17EA-FA2D-449B-9DE3-CFDE75D5BC7C}.Debug|x86.ActiveCfg = Debug|Any CPU
		{060F17EA-FA2D-449B-9DE3-CFDE75D5BC7C}.Debug|x86.Build.0 = Debug|Any CPU
		{060F17EA-FA2D-449B-9DE3-CFDE75D5BC7C}.Release|Any CPU.ActiveCfg = Release|Any CPU
		{060F17EA-FA2D-449B-9DE3-CFDE75D5BC7C}.Release|Any CPU.Build.0 = Release|Any CPU
		{060F17EA-FA2D-449B-9DE3-CFDE75D5BC7C}.Release|x86.ActiveCfg = Release|Any CPU
		{060F17EA-FA2D-449B-9DE3-CFDE75D5BC7C}.Release|x86.Build.0 = Release|Any CPU
		{458817BA-3771-4155-A5DA-7F6DA658948C}.Debug|Any CPU.ActiveCfg = Debug|Any CPU
		{458817BA-3771-4155-A5DA-7F6DA658948C}.Debug|Any CPU.Build.0 = Debug|Any CPU
		{458817BA-3771-4155-A5DA-7F6DA658948C}.Debug|x86.ActiveCfg = Debug|Any CPU
		{458817BA-3771-4155-A5DA-7F6DA658948C}.Debug|x86.Build.0 = Debug|Any CPU
		{458817BA-3771-4155-A5DA-7F6DA658948C}.Release|Any CPU.ActiveCfg = Release|Any CPU
		{458817BA-3771-4155-A5DA-7F6DA658948C}.Release|Any CPU.Build.0 = Release|Any CPU
		{458817BA-3771-4155-A5DA-7F6DA658948C}.Release|x86.ActiveCfg = Release|Any CPU
		{458817BA-3771-4155-A5DA-7F6DA658948C}.Release|x86.Build.0 = Release|Any CPU
		{DBE517F3-5EB3-4C8A-A500-9F65FBF348E4}.Debug|Any CPU.ActiveCfg = Debug|Any CPU
		{DBE517F3-5EB3-4C8A-A500-9F65FBF348E4}.Debug|Any CPU.Build.0 = Debug|Any CPU
		{DBE517F3-5EB3-4C8A-A500-9F65FBF348E4}.Debug|x86.ActiveCfg = Debug|Any CPU
		{DBE517F3-5EB3-4C8A-A500-9F65FBF348E4}.Debug|x86.Build.0 = Debug|Any CPU
		{DBE517F3-5EB3-4C8A-A500-9F65FBF348E4}.Release|Any CPU.ActiveCfg = Release|Any CPU
		{DBE517F3-5EB3-4C8A-A500-9F65FBF348E4}.Release|Any CPU.Build.0 = Release|Any CPU
		{DBE517F3-5EB3-4C8A-A500-9F65FBF348E4}.Release|x86.ActiveCfg = Release|Any CPU
		{DBE517F3-5EB3-4C8A-A500-9F65FBF348E4}.Release|x86.Build.0 = Release|Any CPU
		{39D72382-C4AC-4A7B-AD14-AF65A71358EE}.Debug|Any CPU.ActiveCfg = Debug|Any CPU
		{39D72382-C4AC-4A7B-AD14-AF65A71358EE}.Debug|Any CPU.Build.0 = Debug|Any CPU
		{39D72382-C4AC-4A7B-AD14-AF65A71358EE}.Debug|x86.ActiveCfg = Debug|Any CPU
		{39D72382-C4AC-4A7B-AD14-AF65A71358EE}.Debug|x86.Build.0 = Debug|Any CPU
		{39D72382-C4AC-4A7B-AD14-AF65A71358EE}.Release|Any CPU.ActiveCfg = Release|Any CPU
		{39D72382-C4AC-4A7B-AD14-AF65A71358EE}.Release|Any CPU.Build.0 = Release|Any CPU
		{39D72382-C4AC-4A7B-AD14-AF65A71358EE}.Release|x86.ActiveCfg = Release|Any CPU
		{39D72382-C4AC-4A7B-AD14-AF65A71358EE}.Release|x86.Build.0 = Release|Any CPU
		{5ACE0427-6200-471D-A164-B5647650A487}.Debug|Any CPU.ActiveCfg = Debug|Any CPU
		{5ACE0427-6200-471D-A164-B5647650A487}.Debug|Any CPU.Build.0 = Debug|Any CPU
		{5ACE0427-6200-471D-A164-B5647650A487}.Debug|x86.ActiveCfg = Debug|Any CPU
		{5ACE0427-6200-471D-A164-B5647650A487}.Debug|x86.Build.0 = Debug|Any CPU
		{5ACE0427-6200-471D-A164-B5647650A487}.Release|Any CPU.ActiveCfg = Release|Any CPU
		{5ACE0427-6200-471D-A164-B5647650A487}.Release|Any CPU.Build.0 = Release|Any CPU
		{5ACE0427-6200-471D-A164-B5647650A487}.Release|x86.ActiveCfg = Release|Any CPU
		{5ACE0427-6200-471D-A164-B5647650A487}.Release|x86.Build.0 = Release|Any CPU
		{0BD25753-D9CE-4FD7-853A-3FD789E9AC17}.Debug|Any CPU.ActiveCfg = Debug|Any CPU
		{0BD25753-D9CE-4FD7-853A-3FD789E9AC17}.Debug|Any CPU.Build.0 = Debug|Any CPU
		{0BD25753-D9CE-4FD7-853A-3FD789E9AC17}.Debug|x86.ActiveCfg = Debug|Any CPU
		{0BD25753-D9CE-4FD7-853A-3FD789E9AC17}.Debug|x86.Build.0 = Debug|Any CPU
		{0BD25753-D9CE-4FD7-853A-3FD789E9AC17}.Release|Any CPU.ActiveCfg = Release|Any CPU
		{0BD25753-D9CE-4FD7-853A-3FD789E9AC17}.Release|Any CPU.Build.0 = Release|Any CPU
		{0BD25753-D9CE-4FD7-853A-3FD789E9AC17}.Release|x86.ActiveCfg = Release|Any CPU
		{0BD25753-D9CE-4FD7-853A-3FD789E9AC17}.Release|x86.Build.0 = Release|Any CPU
		{37FE958D-B40E-4879-81DB-41BFD860381E}.Debug|Any CPU.ActiveCfg = Debug|Any CPU
		{37FE958D-B40E-4879-81DB-41BFD860381E}.Debug|Any CPU.Build.0 = Debug|Any CPU
		{37FE958D-B40E-4879-81DB-41BFD860381E}.Debug|x86.ActiveCfg = Debug|Any CPU
		{37FE958D-B40E-4879-81DB-41BFD860381E}.Debug|x86.Build.0 = Debug|Any CPU
		{37FE958D-B40E-4879-81DB-41BFD860381E}.Release|Any CPU.ActiveCfg = Release|Any CPU
		{37FE958D-B40E-4879-81DB-41BFD860381E}.Release|Any CPU.Build.0 = Release|Any CPU
		{37FE958D-B40E-4879-81DB-41BFD860381E}.Release|x86.ActiveCfg = Release|Any CPU
		{37FE958D-B40E-4879-81DB-41BFD860381E}.Release|x86.Build.0 = Release|Any CPU
		{34C39A45-8E9D-4D20-9385-F33609A37351}.Debug|Any CPU.ActiveCfg = Debug|Any CPU
		{34C39A45-8E9D-4D20-9385-F33609A37351}.Debug|Any CPU.Build.0 = Debug|Any CPU
		{34C39A45-8E9D-4D20-9385-F33609A37351}.Debug|x86.ActiveCfg = Debug|Any CPU
		{34C39A45-8E9D-4D20-9385-F33609A37351}.Debug|x86.Build.0 = Debug|Any CPU
		{34C39A45-8E9D-4D20-9385-F33609A37351}.Release|Any CPU.ActiveCfg = Release|Any CPU
		{34C39A45-8E9D-4D20-9385-F33609A37351}.Release|Any CPU.Build.0 = Release|Any CPU
		{34C39A45-8E9D-4D20-9385-F33609A37351}.Release|x86.ActiveCfg = Release|Any CPU
		{34C39A45-8E9D-4D20-9385-F33609A37351}.Release|x86.Build.0 = Release|Any CPU
		{4F8A6452-C9F4-4AC8-A921-1C9AD8E6FD49}.Debug|Any CPU.ActiveCfg = Debug|Any CPU
		{4F8A6452-C9F4-4AC8-A921-1C9AD8E6FD49}.Debug|Any CPU.Build.0 = Debug|Any CPU
		{4F8A6452-C9F4-4AC8-A921-1C9AD8E6FD49}.Debug|x86.ActiveCfg = Debug|Any CPU
		{4F8A6452-C9F4-4AC8-A921-1C9AD8E6FD49}.Debug|x86.Build.0 = Debug|Any CPU
		{4F8A6452-C9F4-4AC8-A921-1C9AD8E6FD49}.Release|Any CPU.ActiveCfg = Release|Any CPU
		{4F8A6452-C9F4-4AC8-A921-1C9AD8E6FD49}.Release|Any CPU.Build.0 = Release|Any CPU
		{4F8A6452-C9F4-4AC8-A921-1C9AD8E6FD49}.Release|x86.ActiveCfg = Release|Any CPU
		{4F8A6452-C9F4-4AC8-A921-1C9AD8E6FD49}.Release|x86.Build.0 = Release|Any CPU
		{F2E1D0D2-6F08-4A4A-A770-6ECD56D3BE5D}.Debug|Any CPU.ActiveCfg = Debug|Any CPU
		{F2E1D0D2-6F08-4A4A-A770-6ECD56D3BE5D}.Debug|Any CPU.Build.0 = Debug|Any CPU
		{F2E1D0D2-6F08-4A4A-A770-6ECD56D3BE5D}.Debug|x86.ActiveCfg = Debug|Any CPU
		{F2E1D0D2-6F08-4A4A-A770-6ECD56D3BE5D}.Debug|x86.Build.0 = Debug|Any CPU
		{F2E1D0D2-6F08-4A4A-A770-6ECD56D3BE5D}.Release|Any CPU.ActiveCfg = Release|Any CPU
		{F2E1D0D2-6F08-4A4A-A770-6ECD56D3BE5D}.Release|Any CPU.Build.0 = Release|Any CPU
		{F2E1D0D2-6F08-4A4A-A770-6ECD56D3BE5D}.Release|x86.ActiveCfg = Release|Any CPU
		{F2E1D0D2-6F08-4A4A-A770-6ECD56D3BE5D}.Release|x86.Build.0 = Release|Any CPU
		{815098CE-BEFA-4A05-A6F6-3AC9C8779E3C}.Debug|Any CPU.ActiveCfg = Debug|Any CPU
		{815098CE-BEFA-4A05-A6F6-3AC9C8779E3C}.Debug|Any CPU.Build.0 = Debug|Any CPU
		{815098CE-BEFA-4A05-A6F6-3AC9C8779E3C}.Debug|x86.ActiveCfg = Debug|Any CPU
		{815098CE-BEFA-4A05-A6F6-3AC9C8779E3C}.Debug|x86.Build.0 = Debug|Any CPU
		{815098CE-BEFA-4A05-A6F6-3AC9C8779E3C}.Release|Any CPU.ActiveCfg = Release|Any CPU
		{815098CE-BEFA-4A05-A6F6-3AC9C8779E3C}.Release|Any CPU.Build.0 = Release|Any CPU
		{815098CE-BEFA-4A05-A6F6-3AC9C8779E3C}.Release|x86.ActiveCfg = Release|Any CPU
		{815098CE-BEFA-4A05-A6F6-3AC9C8779E3C}.Release|x86.Build.0 = Release|Any CPU
		{092EFFDD-FA9B-4F27-B3D5-77DFF4A4137C}.Debug|Any CPU.ActiveCfg = Debug|Any CPU
		{092EFFDD-FA9B-4F27-B3D5-77DFF4A4137C}.Debug|Any CPU.Build.0 = Debug|Any CPU
		{092EFFDD-FA9B-4F27-B3D5-77DFF4A4137C}.Debug|x86.ActiveCfg = Debug|Any CPU
		{092EFFDD-FA9B-4F27-B3D5-77DFF4A4137C}.Debug|x86.Build.0 = Debug|Any CPU
		{092EFFDD-FA9B-4F27-B3D5-77DFF4A4137C}.Release|Any CPU.ActiveCfg = Release|Any CPU
		{092EFFDD-FA9B-4F27-B3D5-77DFF4A4137C}.Release|Any CPU.Build.0 = Release|Any CPU
		{092EFFDD-FA9B-4F27-B3D5-77DFF4A4137C}.Release|x86.ActiveCfg = Release|Any CPU
		{092EFFDD-FA9B-4F27-B3D5-77DFF4A4137C}.Release|x86.Build.0 = Release|Any CPU
		{D7763BB8-A385-4872-9FF2-A20121CD0F47}.Debug|Any CPU.ActiveCfg = Debug|Any CPU
		{D7763BB8-A385-4872-9FF2-A20121CD0F47}.Debug|Any CPU.Build.0 = Debug|Any CPU
		{D7763BB8-A385-4872-9FF2-A20121CD0F47}.Debug|x86.ActiveCfg = Debug|Any CPU
		{D7763BB8-A385-4872-9FF2-A20121CD0F47}.Debug|x86.Build.0 = Debug|Any CPU
		{D7763BB8-A385-4872-9FF2-A20121CD0F47}.Release|Any CPU.ActiveCfg = Release|Any CPU
		{D7763BB8-A385-4872-9FF2-A20121CD0F47}.Release|Any CPU.Build.0 = Release|Any CPU
		{D7763BB8-A385-4872-9FF2-A20121CD0F47}.Release|x86.ActiveCfg = Release|Any CPU
		{D7763BB8-A385-4872-9FF2-A20121CD0F47}.Release|x86.Build.0 = Release|Any CPU
		{3E0E2DCB-B06B-43FB-A76A-74CFE9774663}.Debug|Any CPU.ActiveCfg = Debug|Any CPU
		{3E0E2DCB-B06B-43FB-A76A-74CFE9774663}.Debug|Any CPU.Build.0 = Debug|Any CPU
		{3E0E2DCB-B06B-43FB-A76A-74CFE9774663}.Debug|x86.ActiveCfg = Debug|Any CPU
		{3E0E2DCB-B06B-43FB-A76A-74CFE9774663}.Debug|x86.Build.0 = Debug|Any CPU
		{3E0E2DCB-B06B-43FB-A76A-74CFE9774663}.Release|Any CPU.ActiveCfg = Release|Any CPU
		{3E0E2DCB-B06B-43FB-A76A-74CFE9774663}.Release|Any CPU.Build.0 = Release|Any CPU
		{3E0E2DCB-B06B-43FB-A76A-74CFE9774663}.Release|x86.ActiveCfg = Release|Any CPU
		{3E0E2DCB-B06B-43FB-A76A-74CFE9774663}.Release|x86.Build.0 = Release|Any CPU
		{D9CC4340-DAC8-439A-A819-FA9DF598C85D}.Debug|Any CPU.ActiveCfg = Debug|Any CPU
		{D9CC4340-DAC8-439A-A819-FA9DF598C85D}.Debug|Any CPU.Build.0 = Debug|Any CPU
		{D9CC4340-DAC8-439A-A819-FA9DF598C85D}.Debug|x86.ActiveCfg = Debug|Any CPU
		{D9CC4340-DAC8-439A-A819-FA9DF598C85D}.Debug|x86.Build.0 = Debug|Any CPU
		{D9CC4340-DAC8-439A-A819-FA9DF598C85D}.Release|Any CPU.ActiveCfg = Release|Any CPU
		{D9CC4340-DAC8-439A-A819-FA9DF598C85D}.Release|Any CPU.Build.0 = Release|Any CPU
		{D9CC4340-DAC8-439A-A819-FA9DF598C85D}.Release|x86.ActiveCfg = Release|Any CPU
		{D9CC4340-DAC8-439A-A819-FA9DF598C85D}.Release|x86.Build.0 = Release|Any CPU
		{5E3A8275-A9D5-4C65-98C4-F9C969FDB49F}.Debug|Any CPU.ActiveCfg = Debug|Any CPU
		{5E3A8275-A9D5-4C65-98C4-F9C969FDB49F}.Debug|Any CPU.Build.0 = Debug|Any CPU
		{5E3A8275-A9D5-4C65-98C4-F9C969FDB49F}.Debug|x86.ActiveCfg = Debug|Any CPU
		{5E3A8275-A9D5-4C65-98C4-F9C969FDB49F}.Debug|x86.Build.0 = Debug|Any CPU
		{5E3A8275-A9D5-4C65-98C4-F9C969FDB49F}.Release|Any CPU.ActiveCfg = Release|Any CPU
		{5E3A8275-A9D5-4C65-98C4-F9C969FDB49F}.Release|Any CPU.Build.0 = Release|Any CPU
		{5E3A8275-A9D5-4C65-98C4-F9C969FDB49F}.Release|x86.ActiveCfg = Release|Any CPU
		{5E3A8275-A9D5-4C65-98C4-F9C969FDB49F}.Release|x86.Build.0 = Release|Any CPU
		{28445C6E-585E-4649-AFE4-56038B70AB66}.Debug|Any CPU.ActiveCfg = Debug|Any CPU
		{28445C6E-585E-4649-AFE4-56038B70AB66}.Debug|Any CPU.Build.0 = Debug|Any CPU
		{28445C6E-585E-4649-AFE4-56038B70AB66}.Debug|x86.ActiveCfg = Debug|Any CPU
		{28445C6E-585E-4649-AFE4-56038B70AB66}.Debug|x86.Build.0 = Debug|Any CPU
		{28445C6E-585E-4649-AFE4-56038B70AB66}.Release|Any CPU.ActiveCfg = Release|Any CPU
		{28445C6E-585E-4649-AFE4-56038B70AB66}.Release|Any CPU.Build.0 = Release|Any CPU
		{28445C6E-585E-4649-AFE4-56038B70AB66}.Release|x86.ActiveCfg = Release|Any CPU
		{28445C6E-585E-4649-AFE4-56038B70AB66}.Release|x86.Build.0 = Release|Any CPU
		{073BC00C-0778-4210-8C2F-5B9AD7BB137C}.Debug|Any CPU.ActiveCfg = Debug|Any CPU
		{073BC00C-0778-4210-8C2F-5B9AD7BB137C}.Debug|Any CPU.Build.0 = Debug|Any CPU
		{073BC00C-0778-4210-8C2F-5B9AD7BB137C}.Debug|x86.ActiveCfg = Debug|Any CPU
		{073BC00C-0778-4210-8C2F-5B9AD7BB137C}.Debug|x86.Build.0 = Debug|Any CPU
		{073BC00C-0778-4210-8C2F-5B9AD7BB137C}.Release|Any CPU.ActiveCfg = Release|Any CPU
		{073BC00C-0778-4210-8C2F-5B9AD7BB137C}.Release|Any CPU.Build.0 = Release|Any CPU
		{073BC00C-0778-4210-8C2F-5B9AD7BB137C}.Release|x86.ActiveCfg = Release|Any CPU
		{073BC00C-0778-4210-8C2F-5B9AD7BB137C}.Release|x86.Build.0 = Release|Any CPU
		{03FD7B79-B447-4C0E-82EE-D1851D4C036A}.Debug|Any CPU.ActiveCfg = Debug|Any CPU
		{03FD7B79-B447-4C0E-82EE-D1851D4C036A}.Debug|Any CPU.Build.0 = Debug|Any CPU
		{03FD7B79-B447-4C0E-82EE-D1851D4C036A}.Debug|x86.ActiveCfg = Debug|Any CPU
		{03FD7B79-B447-4C0E-82EE-D1851D4C036A}.Debug|x86.Build.0 = Debug|Any CPU
		{03FD7B79-B447-4C0E-82EE-D1851D4C036A}.Release|Any CPU.ActiveCfg = Release|Any CPU
		{03FD7B79-B447-4C0E-82EE-D1851D4C036A}.Release|Any CPU.Build.0 = Release|Any CPU
		{03FD7B79-B447-4C0E-82EE-D1851D4C036A}.Release|x86.ActiveCfg = Release|Any CPU
		{03FD7B79-B447-4C0E-82EE-D1851D4C036A}.Release|x86.Build.0 = Release|Any CPU
		{A2C8EC63-65F9-48DE-BF05-E5F258376523}.Debug|Any CPU.ActiveCfg = Debug|Any CPU
		{A2C8EC63-65F9-48DE-BF05-E5F258376523}.Debug|Any CPU.Build.0 = Debug|Any CPU
		{A2C8EC63-65F9-48DE-BF05-E5F258376523}.Debug|x86.ActiveCfg = Debug|Any CPU
		{A2C8EC63-65F9-48DE-BF05-E5F258376523}.Debug|x86.Build.0 = Debug|Any CPU
		{A2C8EC63-65F9-48DE-BF05-E5F258376523}.Release|Any CPU.ActiveCfg = Release|Any CPU
		{A2C8EC63-65F9-48DE-BF05-E5F258376523}.Release|Any CPU.Build.0 = Release|Any CPU
		{A2C8EC63-65F9-48DE-BF05-E5F258376523}.Release|x86.ActiveCfg = Release|Any CPU
		{A2C8EC63-65F9-48DE-BF05-E5F258376523}.Release|x86.Build.0 = Release|Any CPU
		{160B648E-CB97-4C33-BDCC-F2CB69F5839A}.Debug|Any CPU.ActiveCfg = Debug|Any CPU
		{160B648E-CB97-4C33-BDCC-F2CB69F5839A}.Debug|Any CPU.Build.0 = Debug|Any CPU
		{160B648E-CB97-4C33-BDCC-F2CB69F5839A}.Debug|x86.ActiveCfg = Debug|Any CPU
		{160B648E-CB97-4C33-BDCC-F2CB69F5839A}.Debug|x86.Build.0 = Debug|Any CPU
		{160B648E-CB97-4C33-BDCC-F2CB69F5839A}.Release|Any CPU.ActiveCfg = Release|Any CPU
		{160B648E-CB97-4C33-BDCC-F2CB69F5839A}.Release|Any CPU.Build.0 = Release|Any CPU
		{160B648E-CB97-4C33-BDCC-F2CB69F5839A}.Release|x86.ActiveCfg = Release|Any CPU
		{160B648E-CB97-4C33-BDCC-F2CB69F5839A}.Release|x86.Build.0 = Release|Any CPU
		{303DF637-1D30-4E33-BC74-60CA9E87D812}.Debug|Any CPU.ActiveCfg = Debug|Any CPU
		{303DF637-1D30-4E33-BC74-60CA9E87D812}.Debug|Any CPU.Build.0 = Debug|Any CPU
		{303DF637-1D30-4E33-BC74-60CA9E87D812}.Debug|x86.ActiveCfg = Debug|Any CPU
		{303DF637-1D30-4E33-BC74-60CA9E87D812}.Debug|x86.Build.0 = Debug|Any CPU
		{303DF637-1D30-4E33-BC74-60CA9E87D812}.Release|Any CPU.ActiveCfg = Release|Any CPU
		{303DF637-1D30-4E33-BC74-60CA9E87D812}.Release|Any CPU.Build.0 = Release|Any CPU
		{303DF637-1D30-4E33-BC74-60CA9E87D812}.Release|x86.ActiveCfg = Release|Any CPU
		{303DF637-1D30-4E33-BC74-60CA9E87D812}.Release|x86.Build.0 = Release|Any CPU
		{989535A3-9B4D-44D5-9E4D-1F0586A408E7}.Debug|Any CPU.ActiveCfg = Debug|Any CPU
		{989535A3-9B4D-44D5-9E4D-1F0586A408E7}.Debug|Any CPU.Build.0 = Debug|Any CPU
		{989535A3-9B4D-44D5-9E4D-1F0586A408E7}.Debug|x86.ActiveCfg = Debug|Any CPU
		{989535A3-9B4D-44D5-9E4D-1F0586A408E7}.Debug|x86.Build.0 = Debug|Any CPU
		{989535A3-9B4D-44D5-9E4D-1F0586A408E7}.Release|Any CPU.ActiveCfg = Release|Any CPU
		{989535A3-9B4D-44D5-9E4D-1F0586A408E7}.Release|Any CPU.Build.0 = Release|Any CPU
		{989535A3-9B4D-44D5-9E4D-1F0586A408E7}.Release|x86.ActiveCfg = Release|Any CPU
		{989535A3-9B4D-44D5-9E4D-1F0586A408E7}.Release|x86.Build.0 = Release|Any CPU
		{6D3C7367-99E5-4730-A24E-6157F1ABD36B}.Debug|Any CPU.ActiveCfg = Debug|Any CPU
		{6D3C7367-99E5-4730-A24E-6157F1ABD36B}.Debug|Any CPU.Build.0 = Debug|Any CPU
		{6D3C7367-99E5-4730-A24E-6157F1ABD36B}.Debug|x86.ActiveCfg = Debug|Any CPU
		{6D3C7367-99E5-4730-A24E-6157F1ABD36B}.Debug|x86.Build.0 = Debug|Any CPU
		{6D3C7367-99E5-4730-A24E-6157F1ABD36B}.Release|Any CPU.ActiveCfg = Release|Any CPU
		{6D3C7367-99E5-4730-A24E-6157F1ABD36B}.Release|Any CPU.Build.0 = Release|Any CPU
		{6D3C7367-99E5-4730-A24E-6157F1ABD36B}.Release|x86.ActiveCfg = Release|Any CPU
		{6D3C7367-99E5-4730-A24E-6157F1ABD36B}.Release|x86.Build.0 = Release|Any CPU
		{9A09F28C-D67C-40BA-B0B2-9684200796DC}.Debug|Any CPU.ActiveCfg = Debug|Any CPU
		{9A09F28C-D67C-40BA-B0B2-9684200796DC}.Debug|Any CPU.Build.0 = Debug|Any CPU
		{9A09F28C-D67C-40BA-B0B2-9684200796DC}.Debug|x86.ActiveCfg = Debug|Any CPU
		{9A09F28C-D67C-40BA-B0B2-9684200796DC}.Debug|x86.Build.0 = Debug|Any CPU
		{9A09F28C-D67C-40BA-B0B2-9684200796DC}.Release|Any CPU.ActiveCfg = Release|Any CPU
		{9A09F28C-D67C-40BA-B0B2-9684200796DC}.Release|Any CPU.Build.0 = Release|Any CPU
		{9A09F28C-D67C-40BA-B0B2-9684200796DC}.Release|x86.ActiveCfg = Release|Any CPU
		{9A09F28C-D67C-40BA-B0B2-9684200796DC}.Release|x86.Build.0 = Release|Any CPU
	EndGlobalSection
	GlobalSection(SolutionProperties) = preSolution
		HideSolutionNode = FALSE
	EndGlobalSection
	GlobalSection(NestedProjects) = preSolution
		{6A017926-1C27-47EB-BE8A-6014C7B13F9C} = {0257BAD6-D950-4CC7-8F4A-9651CFED2685}
		{458817BA-3771-4155-A5DA-7F6DA658948C} = {6D6564D0-B3E5-423A-9DCE-8AEC249B5638}
		{DBE517F3-5EB3-4C8A-A500-9F65FBF348E4} = {6D6564D0-B3E5-423A-9DCE-8AEC249B5638}
		{6D6564D0-B3E5-423A-9DCE-8AEC249B5638} = {A05DD11F-FE50-477E-8B31-0C409C1B3E8B}
		{0257BAD6-D950-4CC7-8F4A-9651CFED2685} = {A05DD11F-FE50-477E-8B31-0C409C1B3E8B}
		{6FC17F40-46C6-468B-96E1-C38CC61761B8} = {A05DD11F-FE50-477E-8B31-0C409C1B3E8B}
		{0BD25753-D9CE-4FD7-853A-3FD789E9AC17} = {6FC17F40-46C6-468B-96E1-C38CC61761B8}
		{37FE958D-B40E-4879-81DB-41BFD860381E} = {6FC17F40-46C6-468B-96E1-C38CC61761B8}
		{34C39A45-8E9D-4D20-9385-F33609A37351} = {6D6564D0-B3E5-423A-9DCE-8AEC249B5638}
		{F2E1D0D2-6F08-4A4A-A770-6ECD56D3BE5D} = {92AD0031-2946-4224-AF20-07D5CF432EF7}
		{815098CE-BEFA-4A05-A6F6-3AC9C8779E3C} = {92AD0031-2946-4224-AF20-07D5CF432EF7}
		{D7763BB8-A385-4872-9FF2-A20121CD0F47} = {D6503031-CA47-47B0-8E88-7EE81F0DF2E7}
		{3E0E2DCB-B06B-43FB-A76A-74CFE9774663} = {23F0D8FC-CF50-476E-B9E5-27F7E0ED29E3}
		{28445C6E-585E-4649-AFE4-56038B70AB66} = {D6503031-CA47-47B0-8E88-7EE81F0DF2E7}
		{073BC00C-0778-4210-8C2F-5B9AD7BB137C} = {D6503031-CA47-47B0-8E88-7EE81F0DF2E7}
		{03FD7B79-B447-4C0E-82EE-D1851D4C036A} = {23F0D8FC-CF50-476E-B9E5-27F7E0ED29E3}
		{A2C8EC63-65F9-48DE-BF05-E5F258376523} = {D6503031-CA47-47B0-8E88-7EE81F0DF2E7}
		{160B648E-CB97-4C33-BDCC-F2CB69F5839A} = {23F0D8FC-CF50-476E-B9E5-27F7E0ED29E3}
		{303DF637-1D30-4E33-BC74-60CA9E87D812} = {5A7AFC07-D00B-4D07-9BE4-7C42404B1F8F}
		{989535A3-9B4D-44D5-9E4D-1F0586A408E7} = {5A7AFC07-D00B-4D07-9BE4-7C42404B1F8F}
		{6D3C7367-99E5-4730-A24E-6157F1ABD36B} = {5A7AFC07-D00B-4D07-9BE4-7C42404B1F8F}
		{9A09F28C-D67C-40BA-B0B2-9684200796DC} = {23F0D8FC-CF50-476E-B9E5-27F7E0ED29E3}
	EndGlobalSection
	GlobalSection(ExtensibilityGlobals) = postSolution
		SolutionGuid = {D7EEB432-933A-4F7B-AB6E-37CE162BC32D}
	EndGlobalSection
EndGlobal
